
Microsoft Visual Studio Solution File, Format Version 12.00
# Visual Studio Version 17
VisualStudioVersion = 17.3.32819.101
MinimumVisualStudioVersion = 10.0.40219.1
Project("{FAE04EC0-301F-11D3-BF4B-00C04F79EFBC}") = "embedded-auth-with-sdk", "embedded-auth-with-sdk\embedded-auth-with-sdk.csproj", "{88504747-10B6-425F-B27D-66426F7ED199}"
EndProject
Project("{9A19103F-16F7-4668-BE54-9A1E7A4F7556}") = "embedded-auth-with-sdk.E2ETests", "Okta.Idx.Sdk.E2ETests\embedded-auth-with-sdk.E2ETests.csproj", "{1E45AB5D-2869-4116-AAD6-6738E61503A8}"
EndProject
Project("{9A19103F-16F7-4668-BE54-9A1E7A4F7556}") = "Okta.Idx.Sdk", "..\..\..\src\Okta.Idx.Sdk\Okta.Idx.Sdk.csproj", "{AE21D73C-DB1C-438B-BAF2-A94AA39EA04C}"
EndProject
Global
	GlobalSection(SolutionConfigurationPlatforms) = preSolution
		Debug|Any CPU = Debug|Any CPU
		Release|Any CPU = Release|Any CPU
	EndGlobalSection
	GlobalSection(ProjectConfigurationPlatforms) = postSolution
		{88504747-10B6-425F-B27D-66426F7ED199}.Debug|Any CPU.ActiveCfg = Debug|Any CPU
		{88504747-10B6-425F-B27D-66426F7ED199}.Debug|Any CPU.Build.0 = Debug|Any CPU
		{88504747-10B6-425F-B27D-66426F7ED199}.Release|Any CPU.ActiveCfg = Release|Any CPU
		{88504747-10B6-425F-B27D-66426F7ED199}.Release|Any CPU.Build.0 = Release|Any CPU
		{1E45AB5D-2869-4116-AAD6-6738E61503A8}.Debug|Any CPU.ActiveCfg = Debug|Any CPU
		{1E45AB5D-2869-4116-AAD6-6738E61503A8}.Debug|Any CPU.Build.0 = Debug|Any CPU
		{1E45AB5D-2869-4116-AAD6-6738E61503A8}.Release|Any CPU.ActiveCfg = Release|Any CPU
		{1E45AB5D-2869-4116-AAD6-6738E61503A8}.Release|Any CPU.Build.0 = Release|Any CPU
		{AE21D73C-DB1C-438B-BAF2-A94AA39EA04C}.Debug|Any CPU.ActiveCfg = Debug|Any CPU
		{AE21D73C-DB1C-438B-BAF2-A94AA39EA04C}.Debug|Any CPU.Build.0 = Debug|Any CPU
		{AE21D73C-DB1C-438B-BAF2-A94AA39EA04C}.Release|Any CPU.ActiveCfg = Release|Any CPU
		{AE21D73C-DB1C-438B-BAF2-A94AA39EA04C}.Release|Any CPU.Build.0 = Release|Any CPU
	EndGlobalSection
	GlobalSection(SolutionProperties) = preSolution
		HideSolutionNode = FALSE
	EndGlobalSection
	GlobalSection(ExtensibilityGlobals) = postSolution
		SolutionGuid = {ECB24106-EEF7-4E36-9A01-A20216D9B01D}
	EndGlobalSection
EndGlobal
