
Microsoft Visual Studio Solution File, Format Version 12.00
# Visual Studio Version 17
VisualStudioVersion = 17.3.32819.101
MinimumVisualStudioVersion = 10.0.40219.1
Project("{FAE04EC0-301F-11D3-BF4B-00C04F79EFBC}") = "embedded-sign-in-widget", "embedded-sign-in-widget\embedded-sign-in-widget.csproj", "{2B350DA0-0055-45FA-B8C2-C84B85F64CCA}"
EndProject
Global
	GlobalSection(SolutionConfigurationPlatforms) = preSolution
		Debug|Any CPU = Debug|Any CPU
		Release|Any CPU = Release|Any CPU
	EndGlobalSection
	GlobalSection(ProjectConfigurationPlatforms) = postSolution
		{2B350DA0-0055-45FA-B8C2-C84B85F64CCA}.Debug|Any CPU.ActiveCfg = Debug|Any CPU
		{2B350DA0-0055-45FA-B8C2-C84B85F64CCA}.Debug|Any CPU.Build.0 = Debug|Any CPU
		{2B350DA0-0055-45FA-B8C2-C84B85F64CCA}.Release|Any CPU.ActiveCfg = Release|Any CPU
		{2B350DA0-0055-45FA-B8C2-C84B85F64CCA}.Release|Any CPU.Build.0 = Release|Any CPU
	EndGlobalSection
	GlobalSection(SolutionProperties) = preSolution
		HideSolutionNode = FALSE
	EndGlobalSection
	GlobalSection(ExtensibilityGlobals) = postSolution
		SolutionGuid = {968BF4AF-D393-484B-B880-97D020BE789D}
	EndGlobalSection
EndGlobal
