
Microsoft Visual Studio Solution File, Format Version 12.00
# Visual Studio Version 16
VisualStudioVersion = 16.0.30711.63
MinimumVisualStudioVersion = 10.0.40219.1
Project("{FAE04EC0-301F-11D3-BF4B-00C04F79EFBC}") = "embedded-sign-in-widget", "embedded-sign-in-widget\embedded-sign-in-widget.csproj", "{88504747-10B6-425F-B27D-66426F7ED199}"
EndProject
Global
	GlobalSection(SolutionConfigurationPlatforms) = preSolution
		Debug|Any CPU = Debug|Any CPU
		Release|Any CPU = Release|Any CPU
	EndGlobalSection
	GlobalSection(ProjectConfigurationPlatforms) = postSolution
		{88504747-10B6-425F-B27D-66426F7ED199}.Debug|Any CPU.ActiveCfg = Debug|Any CPU
		{88504747-10B6-425F-B27D-66426F7ED199}.Debug|Any CPU.Build.0 = Debug|Any CPU
		{88504747-10B6-425F-B27D-66426F7ED199}.Release|Any CPU.ActiveCfg = Release|Any CPU
		{88504747-10B6-425F-B27D-66426F7ED199}.Release|Any CPU.Build.0 = Release|Any CPU
	EndGlobalSection
	GlobalSection(SolutionProperties) = preSolution
		HideSolutionNode = FALSE
	EndGlobalSection
	GlobalSection(ExtensibilityGlobals) = postSolution
		SolutionGuid = {ECB24106-EEF7-4E36-9A01-A20216D9B01D}
	EndGlobalSection
EndGlobal
