
Microsoft Visual Studio Solution File, Format Version 12.00
# Visual Studio Version 17
VisualStudioVersion = 17.3.32819.101
MinimumVisualStudioVersion = 10.0.40219.1
Project("{9A19103F-16F7-4668-BE54-9A1E7A4F7556}") = "embedded-sign-in-widget", "embedded-sign-in-widget\embedded-sign-in-widget.csproj", "{95B27F9B-8683-4723-9298-892A16B62D98}"
EndProject
Global
	GlobalSection(SolutionConfigurationPlatforms) = preSolution
		Debug|Any CPU = Debug|Any CPU
		Release|Any CPU = Release|Any CPU
	EndGlobalSection
	GlobalSection(ProjectConfigurationPlatforms) = postSolution
		{95B27F9B-8683-4723-9298-892A16B62D98}.Debug|Any CPU.ActiveCfg = Debug|Any CPU
		{95B27F9B-8683-4723-9298-892A16B62D98}.Debug|Any CPU.Build.0 = Debug|Any CPU
		{95B27F9B-8683-4723-9298-892A16B62D98}.Release|Any CPU.ActiveCfg = Release|Any CPU
		{95B27F9B-8683-4723-9298-892A16B62D98}.Release|Any CPU.Build.0 = Release|Any CPU
	EndGlobalSection
	GlobalSection(SolutionProperties) = preSolution
		HideSolutionNode = FALSE
	EndGlobalSection
	GlobalSection(ExtensibilityGlobals) = postSolution
		SolutionGuid = {920F84E5-C38C-4AD9-B7A3-E7735366B842}
	EndGlobalSection
EndGlobal
